
Microsoft Visual Studio Solution File, Format Version 12.00
# Visual Studio 2017
Project("{FAE04EC0-301F-11D3-BF4B-00C04F79EFBC}") = "VRBaseball", "VRBaseball.csproj", "{0BA44AA2-F6E1-89F0-AB02-1DF7F17B7621}"
EndProject
Project("{FAE04EC0-301F-11D3-BF4B-00C04F79EFBC}") = "VRBaseball.Editor", "VRBaseball.Editor.csproj", "{C9C43785-6B65-0956-CFF5-673093B7DEFF}"
EndProject
Global
	GlobalSection(SolutionConfigurationPlatforms) = preSolution
		Debug|Any CPU = Debug|Any CPU
		Release|Any CPU = Release|Any CPU
	EndGlobalSection
	GlobalSection(ProjectConfigurationPlatforms) = postSolution
		{0BA44AA2-F6E1-89F0-AB02-1DF7F17B7621}.Debug|Any CPU.ActiveCfg = Debug|Any CPU
		{0BA44AA2-F6E1-89F0-AB02-1DF7F17B7621}.Debug|Any CPU.Build.0 = Debug|Any CPU
		{0BA44AA2-F6E1-89F0-AB02-1DF7F17B7621}.Release|Any CPU.ActiveCfg = Release|Any CPU
		{0BA44AA2-F6E1-89F0-AB02-1DF7F17B7621}.Release|Any CPU.Build.0 = Release|Any CPU
		{C9C43785-6B65-0956-CFF5-673093B7DEFF}.Debug|Any CPU.ActiveCfg = Debug|Any CPU
		{C9C43785-6B65-0956-CFF5-673093B7DEFF}.Debug|Any CPU.Build.0 = Debug|Any CPU
		{C9C43785-6B65-0956-CFF5-673093B7DEFF}.Release|Any CPU.ActiveCfg = Release|Any CPU
		{C9C43785-6B65-0956-CFF5-673093B7DEFF}.Release|Any CPU.Build.0 = Release|Any CPU
	EndGlobalSection
	GlobalSection(SolutionProperties) = preSolution
		HideSolutionNode = FALSE
	EndGlobalSection
EndGlobal
